// !$*UTF8*$!
{
	archiveVersion = 1;
	classes = {
	};
	objectVersion = 46;
	objects = {

/* Begin PBXBuildFile section */
		41C8F4121C1D1C2300DB9B7D /* AppDelegate.swift in Sources */ = {isa = PBXBuildFile; fileRef = 41C8F4111C1D1C2300DB9B7D /* AppDelegate.swift */; };
		41C8F4141C1D1C2300DB9B7D /* ViewController.swift in Sources */ = {isa = PBXBuildFile; fileRef = 41C8F4131C1D1C2300DB9B7D /* ViewController.swift */; };
		41C8F4171C1D1C2300DB9B7D /* Main.storyboard in Resources */ = {isa = PBXBuildFile; fileRef = 41C8F4151C1D1C2300DB9B7D /* Main.storyboard */; };
		41C8F4191C1D1C2300DB9B7D /* Assets.xcassets in Resources */ = {isa = PBXBuildFile; fileRef = 41C8F4181C1D1C2300DB9B7D /* Assets.xcassets */; };
		41C8F41C1C1D1C2300DB9B7D /* LaunchScreen.storyboard in Resources */ = {isa = PBXBuildFile; fileRef = 41C8F41A1C1D1C2300DB9B7D /* LaunchScreen.storyboard */; };
		41C8F4271C1D1C2300DB9B7D /* ShutterTests.swift in Sources */ = {isa = PBXBuildFile; fileRef = 41C8F4261C1D1C2300DB9B7D /* ShutterTests.swift */; };
/* End PBXBuildFile section */

/* Begin PBXContainerItemProxy section */
		41C8F4231C1D1C2300DB9B7D /* PBXContainerItemProxy */ = {
			isa = PBXContainerItemProxy;
			containerPortal = 41C8F4061C1D1C2300DB9B7D /* Project object */;
			proxyType = 1;
			remoteGlobalIDString = 41C8F40D1C1D1C2300DB9B7D;
			remoteInfo = Shutter;
		};
/* End PBXContainerItemProxy section */

/* Begin PBXFileReference section */
		41C8F40E1C1D1C2300DB9B7D /* Shutter.app */ = {isa = PBXFileReference; explicitFileType = wrapper.application; includeInIndex = 0; path = Shutter.app; sourceTree = BUILT_PRODUCTS_DIR; };
		41C8F4111C1D1C2300DB9B7D /* AppDelegate.swift */ = {isa = PBXFileReference; lastKnownFileType = sourcecode.swift; path = AppDelegate.swift; sourceTree = "<group>"; };
		41C8F4131C1D1C2300DB9B7D /* ViewController.swift */ = {isa = PBXFileReference; lastKnownFileType = sourcecode.swift; path = ViewController.swift; sourceTree = "<group>"; };
		41C8F4161C1D1C2300DB9B7D /* Base */ = {isa = PBXFileReference; lastKnownFileType = file.storyboard; name = Base; path = Base.lproj/Main.storyboard; sourceTree = "<group>"; };
		41C8F4181C1D1C2300DB9B7D /* Assets.xcassets */ = {isa = PBXFileReference; lastKnownFileType = folder.assetcatalog; path = Assets.xcassets; sourceTree = "<group>"; };
		41C8F41B1C1D1C2300DB9B7D /* Base */ = {isa = PBXFileReference; lastKnownFileType = file.storyboard; name = Base; path = Base.lproj/LaunchScreen.storyboard; sourceTree = "<group>"; };
		41C8F41D1C1D1C2300DB9B7D /* Info.plist */ = {isa = PBXFileReference; lastKnownFileType = text.plist.xml; path = Info.plist; sourceTree = "<group>"; };
		41C8F4221C1D1C2300DB9B7D /* ShutterTests.xctest */ = {isa = PBXFileReference; explicitFileType = wrapper.cfbundle; includeInIndex = 0; path = ShutterTests.xctest; sourceTree = BUILT_PRODUCTS_DIR; };
		41C8F4261C1D1C2300DB9B7D /* ShutterTests.swift */ = {isa = PBXFileReference; lastKnownFileType = sourcecode.swift; path = ShutterTests.swift; sourceTree = "<group>"; };
		41C8F4281C1D1C2300DB9B7D /* Info.plist */ = {isa = PBXFileReference; lastKnownFileType = text.plist.xml; path = Info.plist; sourceTree = "<group>"; };
/* End PBXFileReference section */

/* Begin PBXFrameworksBuildPhase section */
		41C8F40B1C1D1C2300DB9B7D /* Frameworks */ = {
			isa = PBXFrameworksBuildPhase;
			buildActionMask = 2147483647;
			files = (
			);
			runOnlyForDeploymentPostprocessing = 0;
		};
		41C8F41F1C1D1C2300DB9B7D /* Frameworks */ = {
			isa = PBXFrameworksBuildPhase;
			buildActionMask = 2147483647;
			files = (
			);
			runOnlyForDeploymentPostprocessing = 0;
		};
/* End PBXFrameworksBuildPhase section */

/* Begin PBXGroup section */
		41C8F4051C1D1C2300DB9B7D = {
			isa = PBXGroup;
			children = (
				41C8F4101C1D1C2300DB9B7D /* Shutter */,
				41C8F4251C1D1C2300DB9B7D /* ShutterTests */,
				41C8F40F1C1D1C2300DB9B7D /* Products */,
			);
			sourceTree = "<group>";
		};
		41C8F40F1C1D1C2300DB9B7D /* Products */ = {
			isa = PBXGroup;
			children = (
				41C8F40E1C1D1C2300DB9B7D /* Shutter.app */,
				41C8F4221C1D1C2300DB9B7D /* ShutterTests.xctest */,
			);
			name = Products;
			sourceTree = "<group>";
		};
		41C8F4101C1D1C2300DB9B7D /* Shutter */ = {
			isa = PBXGroup;
			children = (
				41C8F4111C1D1C2300DB9B7D /* AppDelegate.swift */,
				41C8F4131C1D1C2300DB9B7D /* ViewController.swift */,
				41C8F4151C1D1C2300DB9B7D /* Main.storyboard */,
				41C8F4181C1D1C2300DB9B7D /* Assets.xcassets */,
				41C8F41A1C1D1C2300DB9B7D /* LaunchScreen.storyboard */,
				41C8F41D1C1D1C2300DB9B7D /* Info.plist */,
			);
			path = Shutter;
			sourceTree = "<group>";
		};
		41C8F4251C1D1C2300DB9B7D /* ShutterTests */ = {
			isa = PBXGroup;
			children = (
				41C8F4261C1D1C2300DB9B7D /* ShutterTests.swift */,
				41C8F4281C1D1C2300DB9B7D /* Info.plist */,
			);
			path = ShutterTests;
			sourceTree = "<group>";
		};
/* End PBXGroup section */

/* Begin PBXNativeTarget section */
		41C8F40D1C1D1C2300DB9B7D /* Shutter */ = {
			isa = PBXNativeTarget;
			buildConfigurationList = 41C8F42B1C1D1C2300DB9B7D /* Build configuration list for PBXNativeTarget "Shutter" */;
			buildPhases = (
				41C8F40A1C1D1C2300DB9B7D /* Sources */,
				41C8F40B1C1D1C2300DB9B7D /* Frameworks */,
				41C8F40C1C1D1C2300DB9B7D /* Resources */,
			);
			buildRules = (
			);
			dependencies = (
			);
			name = Shutter;
			productName = Shutter;
			productReference = 41C8F40E1C1D1C2300DB9B7D /* Shutter.app */;
			productType = "com.apple.product-type.application";
		};
		41C8F4211C1D1C2300DB9B7D /* ShutterTests */ = {
			isa = PBXNativeTarget;
			buildConfigurationList = 41C8F42E1C1D1C2300DB9B7D /* Build configuration list for PBXNativeTarget "ShutterTests" */;
			buildPhases = (
				41C8F41E1C1D1C2300DB9B7D /* Sources */,
				41C8F41F1C1D1C2300DB9B7D /* Frameworks */,
				41C8F4201C1D1C2300DB9B7D /* Resources */,
			);
			buildRules = (
			);
			dependencies = (
				41C8F4241C1D1C2300DB9B7D /* PBXTargetDependency */,
			);
			name = ShutterTests;
			productName = ShutterTests;
			productReference = 41C8F4221C1D1C2300DB9B7D /* ShutterTests.xctest */;
			productType = "com.apple.product-type.bundle.unit-test";
		};
/* End PBXNativeTarget section */

/* Begin PBXProject section */
		41C8F4061C1D1C2300DB9B7D /* Project object */ = {
			isa = PBXProject;
			attributes = {
				LastSwiftUpdateCheck = 0720;
				LastUpgradeCheck = 0720;
				ORGANIZATIONNAME = Koganepj;
				TargetAttributes = {
					41C8F40D1C1D1C2300DB9B7D = {
						CreatedOnToolsVersion = 7.2;
					};
					41C8F4211C1D1C2300DB9B7D = {
						CreatedOnToolsVersion = 7.2;
						TestTargetID = 41C8F40D1C1D1C2300DB9B7D;
					};
				};
			};
			buildConfigurationList = 41C8F4091C1D1C2300DB9B7D /* Build configuration list for PBXProject "Shutter" */;
			compatibilityVersion = "Xcode 3.2";
			developmentRegion = English;
			hasScannedForEncodings = 0;
			knownRegions = (
				en,
				Base,
			);
			mainGroup = 41C8F4051C1D1C2300DB9B7D;
			productRefGroup = 41C8F40F1C1D1C2300DB9B7D /* Products */;
			projectDirPath = "";
			projectRoot = "";
			targets = (
				41C8F40D1C1D1C2300DB9B7D /* Shutter */,
				41C8F4211C1D1C2300DB9B7D /* ShutterTests */,
			);
		};
/* End PBXProject section */

/* Begin PBXResourcesBuildPhase section */
		41C8F40C1C1D1C2300DB9B7D /* Resources */ = {
			isa = PBXResourcesBuildPhase;
			buildActionMask = 2147483647;
			files = (
				41C8F41C1C1D1C2300DB9B7D /* LaunchScreen.storyboard in Resources */,
				41C8F4191C1D1C2300DB9B7D /* Assets.xcassets in Resources */,
				41C8F4171C1D1C2300DB9B7D /* Main.storyboard in Resources */,
			);
			runOnlyForDeploymentPostprocessing = 0;
		};
		41C8F4201C1D1C2300DB9B7D /* Resources */ = {
			isa = PBXResourcesBuildPhase;
			buildActionMask = 2147483647;
			files = (
			);
			runOnlyForDeploymentPostprocessing = 0;
		};
/* End PBXResourcesBuildPhase section */

/* Begin PBXSourcesBuildPhase section */
		41C8F40A1C1D1C2300DB9B7D /* Sources */ = {
			isa = PBXSourcesBuildPhase;
			buildActionMask = 2147483647;
			files = (
				41C8F4141C1D1C2300DB9B7D /* ViewController.swift in Sources */,
				41C8F4121C1D1C2300DB9B7D /* AppDelegate.swift in Sources */,
			);
			runOnlyForDeploymentPostprocessing = 0;
		};
		41C8F41E1C1D1C2300DB9B7D /* Sources */ = {
			isa = PBXSourcesBuildPhase;
			buildActionMask = 2147483647;
			files = (
				41C8F4271C1D1C2300DB9B7D /* ShutterTests.swift in Sources */,
			);
			runOnlyForDeploymentPostprocessing = 0;
		};
/* End PBXSourcesBuildPhase section */

/* Begin PBXTargetDependency section */
		41C8F4241C1D1C2300DB9B7D /* PBXTargetDependency */ = {
			isa = PBXTargetDependency;
			target = 41C8F40D1C1D1C2300DB9B7D /* Shutter */;
			targetProxy = 41C8F4231C1D1C2300DB9B7D /* PBXContainerItemProxy */;
		};
/* End PBXTargetDependency section */

/* Begin PBXVariantGroup section */
		41C8F4151C1D1C2300DB9B7D /* Main.storyboard */ = {
			isa = PBXVariantGroup;
			children = (
				41C8F4161C1D1C2300DB9B7D /* Base */,
			);
			name = Main.storyboard;
			sourceTree = "<group>";
		};
		41C8F41A1C1D1C2300DB9B7D /* LaunchScreen.storyboard */ = {
			isa = PBXVariantGroup;
			children = (
				41C8F41B1C1D1C2300DB9B7D /* Base */,
			);
			name = LaunchScreen.storyboard;
			sourceTree = "<group>";
		};
/* End PBXVariantGroup section */

/* Begin XCBuildConfiguration section */
		41C8F4291C1D1C2300DB9B7D /* Debug */ = {
			isa = XCBuildConfiguration;
			buildSettings = {
				ALWAYS_SEARCH_USER_PATHS = NO;
				CLANG_CXX_LANGUAGE_STANDARD = "gnu++0x";
				CLANG_CXX_LIBRARY = "libc++";
				CLANG_ENABLE_MODULES = YES;
				CLANG_ENABLE_OBJC_ARC = YES;
				CLANG_WARN_BOOL_CONVERSION = YES;
				CLANG_WARN_CONSTANT_CONVERSION = YES;
				CLANG_WARN_DIRECT_OBJC_ISA_USAGE = YES_ERROR;
				CLANG_WARN_EMPTY_BODY = YES;
				CLANG_WARN_ENUM_CONVERSION = YES;
				CLANG_WARN_INT_CONVERSION = YES;
				CLANG_WARN_OBJC_ROOT_CLASS = YES_ERROR;
				CLANG_WARN_UNREACHABLE_CODE = YES;
				CLANG_WARN__DUPLICATE_METHOD_MATCH = YES;
				"CODE_SIGN_IDENTITY[sdk=iphoneos*]" = "iPhone Developer";
				COPY_PHASE_STRIP = NO;
				DEBUG_INFORMATION_FORMAT = dwarf;
				ENABLE_STRICT_OBJC_MSGSEND = YES;
				ENABLE_TESTABILITY = YES;
				GCC_C_LANGUAGE_STANDARD = gnu99;
				GCC_DYNAMIC_NO_PIC = NO;
				GCC_NO_COMMON_BLOCKS = YES;
				GCC_OPTIMIZATION_LEVEL = 0;
				GCC_PREPROCESSOR_DEFINITIONS = (
					"DEBUG=1",
					"$(inherited)",
				);
				GCC_WARN_64_TO_32_BIT_CONVERSION = YES;
				GCC_WARN_ABOUT_RETURN_TYPE = YES_ERROR;
				GCC_WARN_UNDECLARED_SELECTOR = YES;
				GCC_WARN_UNINITIALIZED_AUTOS = YES_AGGRESSIVE;
				GCC_WARN_UNUSED_FUNCTION = YES;
				GCC_WARN_UNUSED_VARIABLE = YES;
				IPHONEOS_DEPLOYMENT_TARGET = 9.2;
				MTL_ENABLE_DEBUG_INFO = YES;
				ONLY_ACTIVE_ARCH = YES;
				SDKROOT = iphoneos;
				SWIFT_OPTIMIZATION_LEVEL = "-Onone";
			};
			name = Debug;
		};
		41C8F42A1C1D1C2300DB9B7D /* Release */ = {
			isa = XCBuildConfiguration;
			buildSettings = {
				ALWAYS_SEARCH_USER_PATHS = NO;
				CLANG_CXX_LANGUAGE_STANDARD = "gnu++0x";
				CLANG_CXX_LIBRARY = "libc++";
				CLANG_ENABLE_MODULES = YES;
				CLANG_ENABLE_OBJC_ARC = YES;
				CLANG_WARN_BOOL_CONVERSION = YES;
				CLANG_WARN_CONSTANT_CONVERSION = YES;
				CLANG_WARN_DIRECT_OBJC_ISA_USAGE = YES_ERROR;
				CLANG_WARN_EMPTY_BODY = YES;
				CLANG_WARN_ENUM_CONVERSION = YES;
				CLANG_WARN_INT_CONVERSION = YES;
				CLANG_WARN_OBJC_ROOT_CLASS = YES_ERROR;
				CLANG_WARN_UNREACHABLE_CODE = YES;
				CLANG_WARN__DUPLICATE_METHOD_MATCH = YES;
				"CODE_SIGN_IDENTITY[sdk=iphoneos*]" = "iPhone Developer";
				COPY_PHASE_STRIP = NO;
				DEBUG_INFORMATION_FORMAT = "dwarf-with-dsym";
				ENABLE_NS_ASSERTIONS = NO;
				ENABLE_STRICT_OBJC_MSGSEND = YES;
				GCC_C_LANGUAGE_STANDARD = gnu99;
				GCC_NO_COMMON_BLOCKS = YES;
				GCC_WARN_64_TO_32_BIT_CONVERSION = YES;
				GCC_WARN_ABOUT_RETURN_TYPE = YES_ERROR;
				GCC_WARN_UNDECLARED_SELECTOR = YES;
				GCC_WARN_UNINITIALIZED_AUTOS = YES_AGGRESSIVE;
				GCC_WARN_UNUSED_FUNCTION = YES;
				GCC_WARN_UNUSED_VARIABLE = YES;
				IPHONEOS_DEPLOYMENT_TARGET = 9.2;
				MTL_ENABLE_DEBUG_INFO = NO;
				SDKROOT = iphoneos;
				VALIDATE_PRODUCT = YES;
			};
			name = Release;
		};
		41C8F42C1C1D1C2300DB9B7D /* Debug */ = {
			isa = XCBuildConfiguration;
			buildSettings = {
				ASSETCATALOG_COMPILER_APPICON_NAME = AppIcon;
				INFOPLIST_FILE = Shutter/Info.plist;
				LD_RUNPATH_SEARCH_PATHS = "$(inherited) @executable_path/Frameworks";
				PRODUCT_BUNDLE_IDENTIFIER = jp.co.koganepj.Shutter;
				PRODUCT_NAME = "$(TARGET_NAME)";
			};
			name = Debug;
		};
		41C8F42D1C1D1C2300DB9B7D /* Release */ = {
			isa = XCBuildConfiguration;
			buildSettings = {
				ASSETCATALOG_COMPILER_APPICON_NAME = AppIcon;
				INFOPLIST_FILE = Shutter/Info.plist;
				LD_RUNPATH_SEARCH_PATHS = "$(inherited) @executable_path/Frameworks";
				PRODUCT_BUNDLE_IDENTIFIER = jp.co.koganepj.Shutter;
				PRODUCT_NAME = "$(TARGET_NAME)";
			};
			name = Release;
		};
		41C8F42F1C1D1C2300DB9B7D /* Debug */ = {
			isa = XCBuildConfiguration;
			buildSettings = {
				BUNDLE_LOADER = "$(TEST_HOST)";
				INFOPLIST_FILE = ShutterTests/Info.plist;
				LD_RUNPATH_SEARCH_PATHS = "$(inherited) @executable_path/Frameworks @loader_path/Frameworks";
				PRODUCT_BUNDLE_IDENTIFIER = jp.co.koganepj.ShutterTests;
				PRODUCT_NAME = "$(TARGET_NAME)";
				TEST_HOST = "$(BUILT_PRODUCTS_DIR)/Shutter.app/Shutter";
			};
			name = Debug;
		};
		41C8F4301C1D1C2300DB9B7D /* Release */ = {
			isa = XCBuildConfiguration;
			buildSettings = {
				BUNDLE_LOADER = "$(TEST_HOST)";
				INFOPLIST_FILE = ShutterTests/Info.plist;
				LD_RUNPATH_SEARCH_PATHS = "$(inherited) @executable_path/Frameworks @loader_path/Frameworks";
				PRODUCT_BUNDLE_IDENTIFIER = jp.co.koganepj.ShutterTests;
				PRODUCT_NAME = "$(TARGET_NAME)";
				TEST_HOST = "$(BUILT_PRODUCTS_DIR)/Shutter.app/Shutter";
			};
			name = Release;
		};
/* End XCBuildConfiguration section */

/* Begin XCConfigurationList section */
		41C8F4091C1D1C2300DB9B7D /* Build configuration list for PBXProject "Shutter" */ = {
			isa = XCConfigurationList;
			buildConfigurations = (
				41C8F4291C1D1C2300DB9B7D /* Debug */,
				41C8F42A1C1D1C2300DB9B7D /* Release */,
			);
			defaultConfigurationIsVisible = 0;
			defaultConfigurationName = Release;
		};
		41C8F42B1C1D1C2300DB9B7D /* Build configuration list for PBXNativeTarget "Shutter" */ = {
			isa = XCConfigurationList;
			buildConfigurations = (
				41C8F42C1C1D1C2300DB9B7D /* Debug */,
				41C8F42D1C1D1C2300DB9B7D /* Release */,
			);
			defaultConfigurationIsVisible = 0;
		};
		41C8F42E1C1D1C2300DB9B7D /* Build configuration list for PBXNativeTarget "ShutterTests" */ = {
			isa = XCConfigurationList;
			buildConfigurations = (
				41C8F42F1C1D1C2300DB9B7D /* Debug */,
				41C8F4301C1D1C2300DB9B7D /* Release */,
			);
			defaultConfigurationIsVisible = 0;
		};
/* End XCConfigurationList section */
	};
	rootObject = 41C8F4061C1D1C2300DB9B7D /* Project object */;
}
