// !$*UTF8*$!
{
	archiveVersion = 1;
	classes = {
	};
	objectVersion = 46;
	objects = {

/* Begin PBXBuildFile section */
		4161626B1C255C0F00FAEDCE /* ShutterUITests.swift in Sources */ = {isa = PBXBuildFile; fileRef = 4161626A1C255C0F00FAEDCE /* ShutterUITests.swift */; };
		416162731C255C4000FAEDCE /* SnapshotHelper.swift in Sources */ = {isa = PBXBuildFile; fileRef = 416162721C255C4000FAEDCE /* SnapshotHelper.swift */; };
		416162751C255C7000FAEDCE /* FastlaneSnapshotUITests.swift in Sources */ = {isa = PBXBuildFile; fileRef = 416162741C255C7000FAEDCE /* FastlaneSnapshotUITests.swift */; };
		416162781C26970C00FAEDCE /* User.swift in Sources */ = {isa = PBXBuildFile; fileRef = 416162771C26970C00FAEDCE /* User.swift */; };
		416C2CD81C26ABDC00AE8468 /* Camera.swift in Sources */ = {isa = PBXBuildFile; fileRef = 416C2CD71C26ABDC00AE8468 /* Camera.swift */; };
		416C2CDD1C26FE3E00AE8468 /* HEXColor.framework in Frameworks */ = {isa = PBXBuildFile; fileRef = 416C2CDC1C26FE3E00AE8468 /* HEXColor.framework */; };
		41C8F4121C1D1C2300DB9B7D /* AppDelegate.swift in Sources */ = {isa = PBXBuildFile; fileRef = 41C8F4111C1D1C2300DB9B7D /* AppDelegate.swift */; };
		41C8F4171C1D1C2300DB9B7D /* Main.storyboard in Resources */ = {isa = PBXBuildFile; fileRef = 41C8F4151C1D1C2300DB9B7D /* Main.storyboard */; };
		41C8F4191C1D1C2300DB9B7D /* Assets.xcassets in Resources */ = {isa = PBXBuildFile; fileRef = 41C8F4181C1D1C2300DB9B7D /* Assets.xcassets */; };
		41C8F41C1C1D1C2300DB9B7D /* LaunchScreen.storyboard in Resources */ = {isa = PBXBuildFile; fileRef = 41C8F41A1C1D1C2300DB9B7D /* LaunchScreen.storyboard */; };
		41C8F4271C1D1C2300DB9B7D /* ShutterTests.swift in Sources */ = {isa = PBXBuildFile; fileRef = 41C8F4261C1D1C2300DB9B7D /* ShutterTests.swift */; };
		41C8F4381C1D2BA100DB9B7D /* Result.framework in Frameworks */ = {isa = PBXBuildFile; fileRef = 41C8F4371C1D2BA000DB9B7D /* Result.framework */; };
		41C8F43B1C1D356900DB9B7D /* Localizable.strings in Resources */ = {isa = PBXBuildFile; fileRef = 41C8F43D1C1D356900DB9B7D /* Localizable.strings */; };
		41C8F4471C1D43D100DB9B7D /* Bolts.framework in Frameworks */ = {isa = PBXBuildFile; fileRef = 41C8F4411C1D43D100DB9B7D /* Bolts.framework */; };
		41C8F4481C1D43D100DB9B7D /* Parse.framework in Frameworks */ = {isa = PBXBuildFile; fileRef = 41C8F4421C1D43D100DB9B7D /* Parse.framework */; };
		41C8F4491C1D43D100DB9B7D /* ParseFacebookUtils.framework in Frameworks */ = {isa = PBXBuildFile; fileRef = 41C8F4431C1D43D100DB9B7D /* ParseFacebookUtils.framework */; };
		41C8F44A1C1D43D100DB9B7D /* ParseFacebookUtilsV4.framework in Frameworks */ = {isa = PBXBuildFile; fileRef = 41C8F4441C1D43D100DB9B7D /* ParseFacebookUtilsV4.framework */; };
		41C8F44B1C1D43D100DB9B7D /* ParseTwitterUtils.framework in Frameworks */ = {isa = PBXBuildFile; fileRef = 41C8F4451C1D43D100DB9B7D /* ParseTwitterUtils.framework */; };
		41C8F44C1C1D43D100DB9B7D /* ParseUI.framework in Frameworks */ = {isa = PBXBuildFile; fileRef = 41C8F4461C1D43D100DB9B7D /* ParseUI.framework */; };
		41C8F44E1C1D4B4D00DB9B7D /* AudioToolbox.framework in Frameworks */ = {isa = PBXBuildFile; fileRef = 41C8F44D1C1D4B4D00DB9B7D /* AudioToolbox.framework */; };
		41C8F4501C1D4B5800DB9B7D /* CFNetwork.framework in Frameworks */ = {isa = PBXBuildFile; fileRef = 41C8F44F1C1D4B5800DB9B7D /* CFNetwork.framework */; };
		41C8F4521C1D4B6400DB9B7D /* CoreGraphics.framework in Frameworks */ = {isa = PBXBuildFile; fileRef = 41C8F4511C1D4B6400DB9B7D /* CoreGraphics.framework */; };
		41C8F4541C1D4B7000DB9B7D /* CoreLocation.framework in Frameworks */ = {isa = PBXBuildFile; fileRef = 41C8F4531C1D4B7000DB9B7D /* CoreLocation.framework */; };
		41C8F4561C1D4B7A00DB9B7D /* QuartzCore.framework in Frameworks */ = {isa = PBXBuildFile; fileRef = 41C8F4551C1D4B7A00DB9B7D /* QuartzCore.framework */; };
		41C8F4581C1D4B8400DB9B7D /* Security.framework in Frameworks */ = {isa = PBXBuildFile; fileRef = 41C8F4571C1D4B8400DB9B7D /* Security.framework */; };
		41C8F45A1C1D4B9800DB9B7D /* StoreKit.framework in Frameworks */ = {isa = PBXBuildFile; fileRef = 41C8F4591C1D4B9800DB9B7D /* StoreKit.framework */; };
		41C8F45C1C1D4BA400DB9B7D /* SystemConfiguration.framework in Frameworks */ = {isa = PBXBuildFile; fileRef = 41C8F45B1C1D4BA400DB9B7D /* SystemConfiguration.framework */; };
		41C8F45E1C1D4BB700DB9B7D /* libz.tbd in Frameworks */ = {isa = PBXBuildFile; fileRef = 41C8F45D1C1D4BB700DB9B7D /* libz.tbd */; };
		41C8F4601C1D4BC600DB9B7D /* libsqlite3.tbd in Frameworks */ = {isa = PBXBuildFile; fileRef = 41C8F45F1C1D4BC600DB9B7D /* libsqlite3.tbd */; };
		41D5DD4C1C269ABC004D7F77 /* Constants.swift in Sources */ = {isa = PBXBuildFile; fileRef = 41D5DD4B1C269ABC004D7F77 /* Constants.swift */; };
		41D5DD4E1C269EAD004D7F77 /* XCGLogger.framework in Frameworks */ = {isa = PBXBuildFile; fileRef = 41D5DD4D1C269EAD004D7F77 /* XCGLogger.framework */; };
		41D5DD501C269F0A004D7F77 /* GlobalFunctions.swift in Sources */ = {isa = PBXBuildFile; fileRef = 41D5DD4F1C269F0A004D7F77 /* GlobalFunctions.swift */; };
		8FEB2A721C43DD89007F0DC1 /* UploadViewController.swift in Sources */ = {isa = PBXBuildFile; fileRef = 8FEB2A711C43DD89007F0DC1 /* UploadViewController.swift */; };
		C25F6BA71C44115200E5599E /* R.generated.swift in Sources */ = {isa = PBXBuildFile; fileRef = C25F6BA61C44115200E5599E /* R.generated.swift */; };
		C266F4751C4402D10069AAB5 /* ViewController.swift in Sources */ = {isa = PBXBuildFile; fileRef = C266F4741C4402D10069AAB5 /* ViewController.swift */; };
		C266F4791C44089E0069AAB5 /* PHAsset+Metadata.swift in Sources */ = {isa = PBXBuildFile; fileRef = C266F4781C44089E0069AAB5 /* PHAsset+Metadata.swift */; };
		C2BED3941C4409720031C335 /* AppColor.swift in Sources */ = {isa = PBXBuildFile; fileRef = C2BED3931C4409720031C335 /* AppColor.swift */; };
/* End PBXBuildFile section */

/* Begin PBXContainerItemProxy section */
		4161626D1C255C0F00FAEDCE /* PBXContainerItemProxy */ = {
			isa = PBXContainerItemProxy;
			containerPortal = 41C8F4061C1D1C2300DB9B7D /* Project object */;
			proxyType = 1;
			remoteGlobalIDString = 41C8F40D1C1D1C2300DB9B7D;
			remoteInfo = Shutter;
		};
		41C8F4231C1D1C2300DB9B7D /* PBXContainerItemProxy */ = {
			isa = PBXContainerItemProxy;
			containerPortal = 41C8F4061C1D1C2300DB9B7D /* Project object */;
			proxyType = 1;
			remoteGlobalIDString = 41C8F40D1C1D1C2300DB9B7D;
			remoteInfo = Shutter;
		};
/* End PBXContainerItemProxy section */

/* Begin PBXFileReference section */
		416162681C255C0F00FAEDCE /* ShutterUITests.xctest */ = {isa = PBXFileReference; explicitFileType = wrapper.cfbundle; includeInIndex = 0; path = ShutterUITests.xctest; sourceTree = BUILT_PRODUCTS_DIR; };
		4161626A1C255C0F00FAEDCE /* ShutterUITests.swift */ = {isa = PBXFileReference; lastKnownFileType = sourcecode.swift; path = ShutterUITests.swift; sourceTree = "<group>"; };
		4161626C1C255C0F00FAEDCE /* Info.plist */ = {isa = PBXFileReference; lastKnownFileType = text.plist.xml; path = Info.plist; sourceTree = "<group>"; };
		416162721C255C4000FAEDCE /* SnapshotHelper.swift */ = {isa = PBXFileReference; fileEncoding = 4; lastKnownFileType = sourcecode.swift; path = SnapshotHelper.swift; sourceTree = "<group>"; };
		416162741C255C7000FAEDCE /* FastlaneSnapshotUITests.swift */ = {isa = PBXFileReference; fileEncoding = 4; lastKnownFileType = sourcecode.swift; path = FastlaneSnapshotUITests.swift; sourceTree = "<group>"; };
		416162771C26970C00FAEDCE /* User.swift */ = {isa = PBXFileReference; fileEncoding = 4; lastKnownFileType = sourcecode.swift; path = User.swift; sourceTree = "<group>"; };
		416C2CD71C26ABDC00AE8468 /* Camera.swift */ = {isa = PBXFileReference; fileEncoding = 4; lastKnownFileType = sourcecode.swift; path = Camera.swift; sourceTree = "<group>"; };
		416C2CDC1C26FE3E00AE8468 /* HEXColor.framework */ = {isa = PBXFileReference; lastKnownFileType = wrapper.framework; name = HEXColor.framework; path = Carthage/Build/iOS/HEXColor.framework; sourceTree = SOURCE_ROOT; };
		41C8F40E1C1D1C2300DB9B7D /* Shutter.app */ = {isa = PBXFileReference; explicitFileType = wrapper.application; includeInIndex = 0; path = Shutter.app; sourceTree = BUILT_PRODUCTS_DIR; };
		41C8F4111C1D1C2300DB9B7D /* AppDelegate.swift */ = {isa = PBXFileReference; lastKnownFileType = sourcecode.swift; path = AppDelegate.swift; sourceTree = "<group>"; };
		41C8F4161C1D1C2300DB9B7D /* Base */ = {isa = PBXFileReference; lastKnownFileType = file.storyboard; name = Base; path = Base.lproj/Main.storyboard; sourceTree = "<group>"; };
		41C8F4181C1D1C2300DB9B7D /* Assets.xcassets */ = {isa = PBXFileReference; lastKnownFileType = folder.assetcatalog; path = Assets.xcassets; sourceTree = "<group>"; };
		41C8F41B1C1D1C2300DB9B7D /* Base */ = {isa = PBXFileReference; lastKnownFileType = file.storyboard; name = Base; path = Base.lproj/LaunchScreen.storyboard; sourceTree = "<group>"; };
		41C8F41D1C1D1C2300DB9B7D /* Info.plist */ = {isa = PBXFileReference; lastKnownFileType = text.plist.xml; path = Info.plist; sourceTree = "<group>"; };
		41C8F4221C1D1C2300DB9B7D /* ShutterTests.xctest */ = {isa = PBXFileReference; explicitFileType = wrapper.cfbundle; includeInIndex = 0; path = ShutterTests.xctest; sourceTree = BUILT_PRODUCTS_DIR; };
		41C8F4261C1D1C2300DB9B7D /* ShutterTests.swift */ = {isa = PBXFileReference; lastKnownFileType = sourcecode.swift; path = ShutterTests.swift; sourceTree = "<group>"; };
		41C8F4281C1D1C2300DB9B7D /* Info.plist */ = {isa = PBXFileReference; lastKnownFileType = text.plist.xml; path = Info.plist; sourceTree = "<group>"; };
		41C8F4371C1D2BA000DB9B7D /* Result.framework */ = {isa = PBXFileReference; lastKnownFileType = wrapper.framework; name = Result.framework; path = Carthage/Build/iOS/Result.framework; sourceTree = "<group>"; };
		41C8F43C1C1D356900DB9B7D /* Base */ = {isa = PBXFileReference; lastKnownFileType = text.plist.strings; name = Base; path = Base.lproj/Localizable.strings; sourceTree = "<group>"; };
		41C8F43E1C1D358B00DB9B7D /* ja */ = {isa = PBXFileReference; lastKnownFileType = text.plist.strings; name = ja; path = ja.lproj/Main.strings; sourceTree = "<group>"; };
		41C8F43F1C1D358B00DB9B7D /* ja */ = {isa = PBXFileReference; lastKnownFileType = text.plist.strings; name = ja; path = ja.lproj/LaunchScreen.strings; sourceTree = "<group>"; };
		41C8F4401C1D358B00DB9B7D /* ja */ = {isa = PBXFileReference; lastKnownFileType = text.plist.strings; name = ja; path = ja.lproj/Localizable.strings; sourceTree = "<group>"; };
		41C8F4411C1D43D100DB9B7D /* Bolts.framework */ = {isa = PBXFileReference; lastKnownFileType = wrapper.framework; path = Bolts.framework; sourceTree = "<group>"; };
		41C8F4421C1D43D100DB9B7D /* Parse.framework */ = {isa = PBXFileReference; lastKnownFileType = wrapper.framework; path = Parse.framework; sourceTree = "<group>"; };
		41C8F4431C1D43D100DB9B7D /* ParseFacebookUtils.framework */ = {isa = PBXFileReference; lastKnownFileType = wrapper.framework; path = ParseFacebookUtils.framework; sourceTree = "<group>"; };
		41C8F4441C1D43D100DB9B7D /* ParseFacebookUtilsV4.framework */ = {isa = PBXFileReference; lastKnownFileType = wrapper.framework; path = ParseFacebookUtilsV4.framework; sourceTree = "<group>"; };
		41C8F4451C1D43D100DB9B7D /* ParseTwitterUtils.framework */ = {isa = PBXFileReference; lastKnownFileType = wrapper.framework; path = ParseTwitterUtils.framework; sourceTree = "<group>"; };
		41C8F4461C1D43D100DB9B7D /* ParseUI.framework */ = {isa = PBXFileReference; lastKnownFileType = wrapper.framework; path = ParseUI.framework; sourceTree = "<group>"; };
		41C8F44D1C1D4B4D00DB9B7D /* AudioToolbox.framework */ = {isa = PBXFileReference; lastKnownFileType = wrapper.framework; name = AudioToolbox.framework; path = System/Library/Frameworks/AudioToolbox.framework; sourceTree = SDKROOT; };
		41C8F44F1C1D4B5800DB9B7D /* CFNetwork.framework */ = {isa = PBXFileReference; lastKnownFileType = wrapper.framework; name = CFNetwork.framework; path = System/Library/Frameworks/CFNetwork.framework; sourceTree = SDKROOT; };
		41C8F4511C1D4B6400DB9B7D /* CoreGraphics.framework */ = {isa = PBXFileReference; lastKnownFileType = wrapper.framework; name = CoreGraphics.framework; path = System/Library/Frameworks/CoreGraphics.framework; sourceTree = SDKROOT; };
		41C8F4531C1D4B7000DB9B7D /* CoreLocation.framework */ = {isa = PBXFileReference; lastKnownFileType = wrapper.framework; name = CoreLocation.framework; path = System/Library/Frameworks/CoreLocation.framework; sourceTree = SDKROOT; };
		41C8F4551C1D4B7A00DB9B7D /* QuartzCore.framework */ = {isa = PBXFileReference; lastKnownFileType = wrapper.framework; name = QuartzCore.framework; path = System/Library/Frameworks/QuartzCore.framework; sourceTree = SDKROOT; };
		41C8F4571C1D4B8400DB9B7D /* Security.framework */ = {isa = PBXFileReference; lastKnownFileType = wrapper.framework; name = Security.framework; path = System/Library/Frameworks/Security.framework; sourceTree = SDKROOT; };
		41C8F4591C1D4B9800DB9B7D /* StoreKit.framework */ = {isa = PBXFileReference; lastKnownFileType = wrapper.framework; name = StoreKit.framework; path = System/Library/Frameworks/StoreKit.framework; sourceTree = SDKROOT; };
		41C8F45B1C1D4BA400DB9B7D /* SystemConfiguration.framework */ = {isa = PBXFileReference; lastKnownFileType = wrapper.framework; name = SystemConfiguration.framework; path = System/Library/Frameworks/SystemConfiguration.framework; sourceTree = SDKROOT; };
		41C8F45D1C1D4BB700DB9B7D /* libz.tbd */ = {isa = PBXFileReference; lastKnownFileType = "sourcecode.text-based-dylib-definition"; name = libz.tbd; path = usr/lib/libz.tbd; sourceTree = SDKROOT; };
		41C8F45F1C1D4BC600DB9B7D /* libsqlite3.tbd */ = {isa = PBXFileReference; lastKnownFileType = "sourcecode.text-based-dylib-definition"; name = libsqlite3.tbd; path = usr/lib/libsqlite3.tbd; sourceTree = SDKROOT; };
		41D5DD4B1C269ABC004D7F77 /* Constants.swift */ = {isa = PBXFileReference; fileEncoding = 4; lastKnownFileType = sourcecode.swift; path = Constants.swift; sourceTree = "<group>"; };
		41D5DD4D1C269EAD004D7F77 /* XCGLogger.framework */ = {isa = PBXFileReference; lastKnownFileType = wrapper.framework; name = XCGLogger.framework; path = Carthage/Build/iOS/XCGLogger.framework; sourceTree = SOURCE_ROOT; };
		41D5DD4F1C269F0A004D7F77 /* GlobalFunctions.swift */ = {isa = PBXFileReference; fileEncoding = 4; lastKnownFileType = sourcecode.swift; path = GlobalFunctions.swift; sourceTree = "<group>"; };
		8FEB2A711C43DD89007F0DC1 /* UploadViewController.swift */ = {isa = PBXFileReference; fileEncoding = 4; lastKnownFileType = sourcecode.swift; path = UploadViewController.swift; sourceTree = "<group>"; };
		C25F6BA61C44115200E5599E /* R.generated.swift */ = {isa = PBXFileReference; fileEncoding = 4; lastKnownFileType = sourcecode.swift; path = R.generated.swift; sourceTree = SOURCE_ROOT; };
		C266F4741C4402D10069AAB5 /* ViewController.swift */ = {isa = PBXFileReference; fileEncoding = 4; lastKnownFileType = sourcecode.swift; path = ViewController.swift; sourceTree = "<group>"; };
		C266F4781C44089E0069AAB5 /* PHAsset+Metadata.swift */ = {isa = PBXFileReference; fileEncoding = 4; lastKnownFileType = sourcecode.swift; path = "PHAsset+Metadata.swift"; sourceTree = "<group>"; };
		C2BED3931C4409720031C335 /* AppColor.swift */ = {isa = PBXFileReference; fileEncoding = 4; lastKnownFileType = sourcecode.swift; path = AppColor.swift; sourceTree = "<group>"; };
/* End PBXFileReference section */

/* Begin PBXFrameworksBuildPhase section */
		416162651C255C0F00FAEDCE /* Frameworks */ = {
			isa = PBXFrameworksBuildPhase;
			buildActionMask = 2147483647;
			files = (
			);
			runOnlyForDeploymentPostprocessing = 0;
		};
		41C8F40B1C1D1C2300DB9B7D /* Frameworks */ = {
			isa = PBXFrameworksBuildPhase;
			buildActionMask = 2147483647;
			files = (
				41C8F4601C1D4BC600DB9B7D /* libsqlite3.tbd in Frameworks */,
				41C8F45E1C1D4BB700DB9B7D /* libz.tbd in Frameworks */,
				41C8F45C1C1D4BA400DB9B7D /* SystemConfiguration.framework in Frameworks */,
				41C8F45A1C1D4B9800DB9B7D /* StoreKit.framework in Frameworks */,
				41C8F4581C1D4B8400DB9B7D /* Security.framework in Frameworks */,
				41C8F4561C1D4B7A00DB9B7D /* QuartzCore.framework in Frameworks */,
				41C8F4541C1D4B7000DB9B7D /* CoreLocation.framework in Frameworks */,
				41C8F4521C1D4B6400DB9B7D /* CoreGraphics.framework in Frameworks */,
				41C8F4501C1D4B5800DB9B7D /* CFNetwork.framework in Frameworks */,
				41C8F44E1C1D4B4D00DB9B7D /* AudioToolbox.framework in Frameworks */,
				41C8F4381C1D2BA100DB9B7D /* Result.framework in Frameworks */,
				41C8F4481C1D43D100DB9B7D /* Parse.framework in Frameworks */,
				41C8F44C1C1D43D100DB9B7D /* ParseUI.framework in Frameworks */,
				41C8F4491C1D43D100DB9B7D /* ParseFacebookUtils.framework in Frameworks */,
				41C8F4471C1D43D100DB9B7D /* Bolts.framework in Frameworks */,
				41C8F44B1C1D43D100DB9B7D /* ParseTwitterUtils.framework in Frameworks */,
				41C8F44A1C1D43D100DB9B7D /* ParseFacebookUtilsV4.framework in Frameworks */,
				41D5DD4E1C269EAD004D7F77 /* XCGLogger.framework in Frameworks */,
				416C2CDD1C26FE3E00AE8468 /* HEXColor.framework in Frameworks */,
			);
			runOnlyForDeploymentPostprocessing = 0;
		};
		41C8F41F1C1D1C2300DB9B7D /* Frameworks */ = {
			isa = PBXFrameworksBuildPhase;
			buildActionMask = 2147483647;
			files = (
			);
			runOnlyForDeploymentPostprocessing = 0;
		};
/* End PBXFrameworksBuildPhase section */

/* Begin PBXGroup section */
		416162691C255C0F00FAEDCE /* ShutterUITests */ = {
			isa = PBXGroup;
			children = (
				416162741C255C7000FAEDCE /* FastlaneSnapshotUITests.swift */,
				416162721C255C4000FAEDCE /* SnapshotHelper.swift */,
				4161626A1C255C0F00FAEDCE /* ShutterUITests.swift */,
				4161626C1C255C0F00FAEDCE /* Info.plist */,
			);
			path = ShutterUITests;
			sourceTree = "<group>";
		};
		416162761C2696C700FAEDCE /* PFObject */ = {
			isa = PBXGroup;
			children = (
				416162771C26970C00FAEDCE /* User.swift */,
				416C2CD71C26ABDC00AE8468 /* Camera.swift */,
			);
			path = PFObject;
			sourceTree = "<group>";
		};
		41C8F4051C1D1C2300DB9B7D = {
			isa = PBXGroup;
			children = (
				41C8F4101C1D1C2300DB9B7D /* Shutter */,
				41C8F4251C1D1C2300DB9B7D /* ShutterTests */,
				416162691C255C0F00FAEDCE /* ShutterUITests */,
				41C8F40F1C1D1C2300DB9B7D /* Products */,
				41C8F4361C1D2B5900DB9B7D /* Frameworks */,
			);
			sourceTree = "<group>";
		};
		41C8F40F1C1D1C2300DB9B7D /* Products */ = {
			isa = PBXGroup;
			children = (
				41C8F40E1C1D1C2300DB9B7D /* Shutter.app */,
				41C8F4221C1D1C2300DB9B7D /* ShutterTests.xctest */,
				416162681C255C0F00FAEDCE /* ShutterUITests.xctest */,
			);
			name = Products;
			sourceTree = "<group>";
		};
		41C8F4101C1D1C2300DB9B7D /* Shutter */ = {
			isa = PBXGroup;
			children = (
				8FEB2A6E1C379BBA007F0DC1 /* Extensions */,
				41C8F4311C1D1C9500DB9B7D /* ViewControllers */,
				41C8F4321C1D1C9E00DB9B7D /* Views */,
				41C8F4331C1D1CA400DB9B7D /* Models */,
				41C8F4341C1D1CAD00DB9B7D /* SupportingFiles */,
				41C8F4111C1D1C2300DB9B7D /* AppDelegate.swift */,
				41D5DD4B1C269ABC004D7F77 /* Constants.swift */,
				41D5DD4F1C269F0A004D7F77 /* GlobalFunctions.swift */,
				C2BED3931C4409720031C335 /* AppColor.swift */,
			);
			path = Shutter;
			sourceTree = "<group>";
		};
		41C8F4251C1D1C2300DB9B7D /* ShutterTests */ = {
			isa = PBXGroup;
			children = (
				41C8F4281C1D1C2300DB9B7D /* Info.plist */,
				41C8F4261C1D1C2300DB9B7D /* ShutterTests.swift */,
			);
			path = ShutterTests;
			sourceTree = "<group>";
		};
		41C8F4311C1D1C9500DB9B7D /* ViewControllers */ = {
			isa = PBXGroup;
			children = (
				41C8F4151C1D1C2300DB9B7D /* Main.storyboard */,
				C266F4741C4402D10069AAB5 /* ViewController.swift */,
				8FEB2A711C43DD89007F0DC1 /* UploadViewController.swift */,
			);
			path = ViewControllers;
			sourceTree = "<group>";
		};
		41C8F4321C1D1C9E00DB9B7D /* Views */ = {
			isa = PBXGroup;
			children = (
			);
			path = Views;
			sourceTree = "<group>";
		};
		41C8F4331C1D1CA400DB9B7D /* Models */ = {
			isa = PBXGroup;
			children = (
				416162761C2696C700FAEDCE /* PFObject */,
			);
			path = Models;
			sourceTree = "<group>";
		};
		41C8F4341C1D1CAD00DB9B7D /* SupportingFiles */ = {
			isa = PBXGroup;
			children = (
				C25F6BA61C44115200E5599E /* R.generated.swift */,
				41C8F4181C1D1C2300DB9B7D /* Assets.xcassets */,
				41C8F41D1C1D1C2300DB9B7D /* Info.plist */,
				41C8F41A1C1D1C2300DB9B7D /* LaunchScreen.storyboard */,
				41C8F43D1C1D356900DB9B7D /* Localizable.strings */,
			);
			path = SupportingFiles;
			sourceTree = "<group>";
		};
		41C8F4361C1D2B5900DB9B7D /* Frameworks */ = {
			isa = PBXGroup;
			children = (
				416C2CDC1C26FE3E00AE8468 /* HEXColor.framework */,
				41C8F44D1C1D4B4D00DB9B7D /* AudioToolbox.framework */,
				41C8F4411C1D43D100DB9B7D /* Bolts.framework */,
				41C8F44F1C1D4B5800DB9B7D /* CFNetwork.framework */,
				41C8F4511C1D4B6400DB9B7D /* CoreGraphics.framework */,
				41C8F4531C1D4B7000DB9B7D /* CoreLocation.framework */,
				41C8F45F1C1D4BC600DB9B7D /* libsqlite3.tbd */,
				41C8F45D1C1D4BB700DB9B7D /* libz.tbd */,
				41C8F4421C1D43D100DB9B7D /* Parse.framework */,
				41C8F4431C1D43D100DB9B7D /* ParseFacebookUtils.framework */,
				41C8F4441C1D43D100DB9B7D /* ParseFacebookUtilsV4.framework */,
				41C8F4451C1D43D100DB9B7D /* ParseTwitterUtils.framework */,
				41C8F4461C1D43D100DB9B7D /* ParseUI.framework */,
				41C8F4551C1D4B7A00DB9B7D /* QuartzCore.framework */,
				41C8F4371C1D2BA000DB9B7D /* Result.framework */,
				41C8F4571C1D4B8400DB9B7D /* Security.framework */,
				41C8F4591C1D4B9800DB9B7D /* StoreKit.framework */,
				41C8F45B1C1D4BA400DB9B7D /* SystemConfiguration.framework */,
				41D5DD4D1C269EAD004D7F77 /* XCGLogger.framework */,
			);
			path = Frameworks;
			sourceTree = "<group>";
		};
		8FEB2A6E1C379BBA007F0DC1 /* Extensions */ = {
			isa = PBXGroup;
			children = (
				C266F4781C44089E0069AAB5 /* PHAsset+Metadata.swift */,
			);
			path = Extensions;
			sourceTree = "<group>";
		};
/* End PBXGroup section */

/* Begin PBXNativeTarget section */
		416162671C255C0F00FAEDCE /* ShutterUITests */ = {
			isa = PBXNativeTarget;
			buildConfigurationList = 4161626F1C255C0F00FAEDCE /* Build configuration list for PBXNativeTarget "ShutterUITests" */;
			buildPhases = (
				416162641C255C0F00FAEDCE /* Sources */,
				416162651C255C0F00FAEDCE /* Frameworks */,
				416162661C255C0F00FAEDCE /* Resources */,
			);
			buildRules = (
			);
			dependencies = (
				4161626E1C255C0F00FAEDCE /* PBXTargetDependency */,
			);
			name = ShutterUITests;
			productName = ShutterUITests;
			productReference = 416162681C255C0F00FAEDCE /* ShutterUITests.xctest */;
			productType = "com.apple.product-type.bundle.ui-testing";
		};
		41C8F40D1C1D1C2300DB9B7D /* Shutter */ = {
			isa = PBXNativeTarget;
			buildConfigurationList = 41C8F42B1C1D1C2300DB9B7D /* Build configuration list for PBXNativeTarget "Shutter" */;
			buildPhases = (
				416C2CD41C26A69B00AE8468 /* R.swift */,
				41C8F40A1C1D1C2300DB9B7D /* Sources */,
				41C8F40B1C1D1C2300DB9B7D /* Frameworks */,
				41C8F40C1C1D1C2300DB9B7D /* Resources */,
				41C8F4351C1D268C00DB9B7D /* Carthage */,
			);
			buildRules = (
			);
			dependencies = (
			);
			name = Shutter;
			productName = Shutter;
			productReference = 41C8F40E1C1D1C2300DB9B7D /* Shutter.app */;
			productType = "com.apple.product-type.application";
		};
		41C8F4211C1D1C2300DB9B7D /* ShutterTests */ = {
			isa = PBXNativeTarget;
			buildConfigurationList = 41C8F42E1C1D1C2300DB9B7D /* Build configuration list for PBXNativeTarget "ShutterTests" */;
			buildPhases = (
				41C8F41E1C1D1C2300DB9B7D /* Sources */,
				41C8F41F1C1D1C2300DB9B7D /* Frameworks */,
				41C8F4201C1D1C2300DB9B7D /* Resources */,
			);
			buildRules = (
			);
			dependencies = (
				41C8F4241C1D1C2300DB9B7D /* PBXTargetDependency */,
			);
			name = ShutterTests;
			productName = ShutterTests;
			productReference = 41C8F4221C1D1C2300DB9B7D /* ShutterTests.xctest */;
			productType = "com.apple.product-type.bundle.unit-test";
		};
/* End PBXNativeTarget section */

/* Begin PBXProject section */
		41C8F4061C1D1C2300DB9B7D /* Project object */ = {
			isa = PBXProject;
			attributes = {
				LastSwiftUpdateCheck = 0720;
				LastUpgradeCheck = 0720;
				ORGANIZATIONNAME = Koganepj;
				TargetAttributes = {
					416162671C255C0F00FAEDCE = {
						CreatedOnToolsVersion = 7.2;
						TestTargetID = 41C8F40D1C1D1C2300DB9B7D;
					};
					41C8F40D1C1D1C2300DB9B7D = {
						CreatedOnToolsVersion = 7.2;
					};
					41C8F4211C1D1C2300DB9B7D = {
						CreatedOnToolsVersion = 7.2;
						TestTargetID = 41C8F40D1C1D1C2300DB9B7D;
					};
				};
			};
			buildConfigurationList = 41C8F4091C1D1C2300DB9B7D /* Build configuration list for PBXProject "Shutter" */;
			compatibilityVersion = "Xcode 3.2";
			developmentRegion = English;
			hasScannedForEncodings = 0;
			knownRegions = (
				en,
				Base,
				ja,
			);
			mainGroup = 41C8F4051C1D1C2300DB9B7D;
			productRefGroup = 41C8F40F1C1D1C2300DB9B7D /* Products */;
			projectDirPath = "";
			projectRoot = "";
			targets = (
				41C8F40D1C1D1C2300DB9B7D /* Shutter */,
				41C8F4211C1D1C2300DB9B7D /* ShutterTests */,
				416162671C255C0F00FAEDCE /* ShutterUITests */,
			);
		};
/* End PBXProject section */

/* Begin PBXResourcesBuildPhase section */
		416162661C255C0F00FAEDCE /* Resources */ = {
			isa = PBXResourcesBuildPhase;
			buildActionMask = 2147483647;
			files = (
			);
			runOnlyForDeploymentPostprocessing = 0;
		};
		41C8F40C1C1D1C2300DB9B7D /* Resources */ = {
			isa = PBXResourcesBuildPhase;
			buildActionMask = 2147483647;
			files = (
				41C8F41C1C1D1C2300DB9B7D /* LaunchScreen.storyboard in Resources */,
				41C8F43B1C1D356900DB9B7D /* Localizable.strings in Resources */,
				41C8F4191C1D1C2300DB9B7D /* Assets.xcassets in Resources */,
				41C8F4171C1D1C2300DB9B7D /* Main.storyboard in Resources */,
			);
			runOnlyForDeploymentPostprocessing = 0;
		};
		41C8F4201C1D1C2300DB9B7D /* Resources */ = {
			isa = PBXResourcesBuildPhase;
			buildActionMask = 2147483647;
			files = (
			);
			runOnlyForDeploymentPostprocessing = 0;
		};
/* End PBXResourcesBuildPhase section */

/* Begin PBXShellScriptBuildPhase section */
		416C2CD41C26A69B00AE8468 /* R.swift */ = {
			isa = PBXShellScriptBuildPhase;
			buildActionMask = 2147483647;
			files = (
			);
			inputPaths = (
			);
			name = R.swift;
			outputPaths = (
			);
			runOnlyForDeploymentPostprocessing = 0;
			shellPath = /bin/sh;
			shellScript = "\"$SRCROOT/rswift\" \"$SRCROOT\"";
		};
		41C8F4351C1D268C00DB9B7D /* Carthage */ = {
			isa = PBXShellScriptBuildPhase;
			buildActionMask = 2147483647;
			files = (
			);
			inputPaths = (
				"$(SRCROOT)/Carthage/Build/iOS/Result.framework",
				"$(SRCROOT)/Carthage/Build/iOS/XCGLogger.framework",
				"$(SRCROOT)/Carthage/Build/iOS/HEXColor.framework",
			);
			name = Carthage;
			outputPaths = (
			);
			runOnlyForDeploymentPostprocessing = 0;
			shellPath = /bin/sh;
			shellScript = "/usr/local/bin/carthage copy-frameworks";
		};
/* End PBXShellScriptBuildPhase section */

/* Begin PBXSourcesBuildPhase section */
		416162641C255C0F00FAEDCE /* Sources */ = {
			isa = PBXSourcesBuildPhase;
			buildActionMask = 2147483647;
			files = (
				4161626B1C255C0F00FAEDCE /* ShutterUITests.swift in Sources */,
				416162751C255C7000FAEDCE /* FastlaneSnapshotUITests.swift in Sources */,
				416162731C255C4000FAEDCE /* SnapshotHelper.swift in Sources */,
			);
			runOnlyForDeploymentPostprocessing = 0;
		};
		41C8F40A1C1D1C2300DB9B7D /* Sources */ = {
			isa = PBXSourcesBuildPhase;
			buildActionMask = 2147483647;
			files = (
				8FEB2A721C43DD89007F0DC1 /* UploadViewController.swift in Sources */,
				C2BED3941C4409720031C335 /* AppColor.swift in Sources */,
				C266F4791C44089E0069AAB5 /* PHAsset+Metadata.swift in Sources */,
				41C8F4121C1D1C2300DB9B7D /* AppDelegate.swift in Sources */,
				41D5DD501C269F0A004D7F77 /* GlobalFunctions.swift in Sources */,
				416C2CD81C26ABDC00AE8468 /* Camera.swift in Sources */,
				416162781C26970C00FAEDCE /* User.swift in Sources */,
				C25F6BA71C44115200E5599E /* R.generated.swift in Sources */,
				C266F4751C4402D10069AAB5 /* ViewController.swift in Sources */,
				41D5DD4C1C269ABC004D7F77 /* Constants.swift in Sources */,
			);
			runOnlyForDeploymentPostprocessing = 0;
		};
		41C8F41E1C1D1C2300DB9B7D /* Sources */ = {
			isa = PBXSourcesBuildPhase;
			buildActionMask = 2147483647;
			files = (
				41C8F4271C1D1C2300DB9B7D /* ShutterTests.swift in Sources */,
			);
			runOnlyForDeploymentPostprocessing = 0;
		};
/* End PBXSourcesBuildPhase section */

/* Begin PBXTargetDependency section */
		4161626E1C255C0F00FAEDCE /* PBXTargetDependency */ = {
			isa = PBXTargetDependency;
			target = 41C8F40D1C1D1C2300DB9B7D /* Shutter */;
			targetProxy = 4161626D1C255C0F00FAEDCE /* PBXContainerItemProxy */;
		};
		41C8F4241C1D1C2300DB9B7D /* PBXTargetDependency */ = {
			isa = PBXTargetDependency;
			target = 41C8F40D1C1D1C2300DB9B7D /* Shutter */;
			targetProxy = 41C8F4231C1D1C2300DB9B7D /* PBXContainerItemProxy */;
		};
/* End PBXTargetDependency section */

/* Begin PBXVariantGroup section */
		41C8F4151C1D1C2300DB9B7D /* Main.storyboard */ = {
			isa = PBXVariantGroup;
			children = (
				41C8F4161C1D1C2300DB9B7D /* Base */,
				41C8F43E1C1D358B00DB9B7D /* ja */,
			);
			name = Main.storyboard;
			path = .;
			sourceTree = "<group>";
		};
		41C8F41A1C1D1C2300DB9B7D /* LaunchScreen.storyboard */ = {
			isa = PBXVariantGroup;
			children = (
				41C8F41B1C1D1C2300DB9B7D /* Base */,
				41C8F43F1C1D358B00DB9B7D /* ja */,
			);
			name = LaunchScreen.storyboard;
			path = .;
			sourceTree = "<group>";
		};
		41C8F43D1C1D356900DB9B7D /* Localizable.strings */ = {
			isa = PBXVariantGroup;
			children = (
				41C8F43C1C1D356900DB9B7D /* Base */,
				41C8F4401C1D358B00DB9B7D /* ja */,
			);
			name = Localizable.strings;
			sourceTree = "<group>";
		};
/* End PBXVariantGroup section */

/* Begin XCBuildConfiguration section */
		416162701C255C0F00FAEDCE /* Debug */ = {
			isa = XCBuildConfiguration;
			buildSettings = {
				INFOPLIST_FILE = ShutterUITests/Info.plist;
				LD_RUNPATH_SEARCH_PATHS = "$(inherited) @executable_path/Frameworks @loader_path/Frameworks";
				PRODUCT_BUNDLE_IDENTIFIER = jp.co.koganepj.ShutterUITests;
				PRODUCT_NAME = "$(TARGET_NAME)";
				TEST_TARGET_NAME = Shutter;
				USES_XCTRUNNER = YES;
			};
			name = Debug;
		};
		416162711C255C0F00FAEDCE /* Release */ = {
			isa = XCBuildConfiguration;
			buildSettings = {
				INFOPLIST_FILE = ShutterUITests/Info.plist;
				LD_RUNPATH_SEARCH_PATHS = "$(inherited) @executable_path/Frameworks @loader_path/Frameworks";
				PRODUCT_BUNDLE_IDENTIFIER = jp.co.koganepj.ShutterUITests;
				PRODUCT_NAME = "$(TARGET_NAME)";
				TEST_TARGET_NAME = Shutter;
				USES_XCTRUNNER = YES;
			};
			name = Release;
		};
		41C8F4291C1D1C2300DB9B7D /* Debug */ = {
			isa = XCBuildConfiguration;
			buildSettings = {
				ALWAYS_SEARCH_USER_PATHS = NO;
				CLANG_CXX_LANGUAGE_STANDARD = "gnu++0x";
				CLANG_CXX_LIBRARY = "libc++";
				CLANG_ENABLE_MODULES = YES;
				CLANG_ENABLE_OBJC_ARC = YES;
				CLANG_WARN_BOOL_CONVERSION = YES;
				CLANG_WARN_CONSTANT_CONVERSION = YES;
				CLANG_WARN_DIRECT_OBJC_ISA_USAGE = YES_ERROR;
				CLANG_WARN_EMPTY_BODY = YES;
				CLANG_WARN_ENUM_CONVERSION = YES;
				CLANG_WARN_INT_CONVERSION = YES;
				CLANG_WARN_OBJC_ROOT_CLASS = YES_ERROR;
				CLANG_WARN_UNREACHABLE_CODE = YES;
				CLANG_WARN__DUPLICATE_METHOD_MATCH = YES;
				"CODE_SIGN_IDENTITY[sdk=iphoneos*]" = "iPhone Developer";
				COPY_PHASE_STRIP = NO;
				DEBUG_INFORMATION_FORMAT = dwarf;
				ENABLE_STRICT_OBJC_MSGSEND = YES;
				ENABLE_TESTABILITY = YES;
				GCC_C_LANGUAGE_STANDARD = gnu99;
				GCC_DYNAMIC_NO_PIC = NO;
				GCC_NO_COMMON_BLOCKS = YES;
				GCC_OPTIMIZATION_LEVEL = 0;
				GCC_PREPROCESSOR_DEFINITIONS = (
					"DEBUG=1",
					"$(inherited)",
				);
				GCC_WARN_64_TO_32_BIT_CONVERSION = YES;
				GCC_WARN_ABOUT_RETURN_TYPE = YES_ERROR;
				GCC_WARN_UNDECLARED_SELECTOR = YES;
				GCC_WARN_UNINITIALIZED_AUTOS = YES_AGGRESSIVE;
				GCC_WARN_UNUSED_FUNCTION = YES;
				GCC_WARN_UNUSED_VARIABLE = YES;
				IPHONEOS_DEPLOYMENT_TARGET = 9.2;
				MTL_ENABLE_DEBUG_INFO = YES;
				ONLY_ACTIVE_ARCH = YES;
				SDKROOT = iphoneos;
				SWIFT_OPTIMIZATION_LEVEL = "-Onone";
			};
			name = Debug;
		};
		41C8F42A1C1D1C2300DB9B7D /* Release */ = {
			isa = XCBuildConfiguration;
			buildSettings = {
				ALWAYS_SEARCH_USER_PATHS = NO;
				CLANG_CXX_LANGUAGE_STANDARD = "gnu++0x";
				CLANG_CXX_LIBRARY = "libc++";
				CLANG_ENABLE_MODULES = YES;
				CLANG_ENABLE_OBJC_ARC = YES;
				CLANG_WARN_BOOL_CONVERSION = YES;
				CLANG_WARN_CONSTANT_CONVERSION = YES;
				CLANG_WARN_DIRECT_OBJC_ISA_USAGE = YES_ERROR;
				CLANG_WARN_EMPTY_BODY = YES;
				CLANG_WARN_ENUM_CONVERSION = YES;
				CLANG_WARN_INT_CONVERSION = YES;
				CLANG_WARN_OBJC_ROOT_CLASS = YES_ERROR;
				CLANG_WARN_UNREACHABLE_CODE = YES;
				CLANG_WARN__DUPLICATE_METHOD_MATCH = YES;
				"CODE_SIGN_IDENTITY[sdk=iphoneos*]" = "iPhone Developer";
				COPY_PHASE_STRIP = NO;
				DEBUG_INFORMATION_FORMAT = "dwarf-with-dsym";
				ENABLE_NS_ASSERTIONS = NO;
				ENABLE_STRICT_OBJC_MSGSEND = YES;
				GCC_C_LANGUAGE_STANDARD = gnu99;
				GCC_NO_COMMON_BLOCKS = YES;
				GCC_WARN_64_TO_32_BIT_CONVERSION = YES;
				GCC_WARN_ABOUT_RETURN_TYPE = YES_ERROR;
				GCC_WARN_UNDECLARED_SELECTOR = YES;
				GCC_WARN_UNINITIALIZED_AUTOS = YES_AGGRESSIVE;
				GCC_WARN_UNUSED_FUNCTION = YES;
				GCC_WARN_UNUSED_VARIABLE = YES;
				IPHONEOS_DEPLOYMENT_TARGET = 9.2;
				MTL_ENABLE_DEBUG_INFO = NO;
				SDKROOT = iphoneos;
				VALIDATE_PRODUCT = YES;
			};
			name = Release;
		};
		41C8F42C1C1D1C2300DB9B7D /* Debug */ = {
			isa = XCBuildConfiguration;
			buildSettings = {
				ASSETCATALOG_COMPILER_APPICON_NAME = AppIcon;
				CODE_SIGN_IDENTITY = "iPhone Developer: kyouhei yamaguchi (7CTVEPPPU9)";
				FRAMEWORK_SEARCH_PATHS = (
					"$(inherited)",
					"$(PROJECT_DIR)/Carthage/Build/iOS",
					"$(PROJECT_DIR)/Frameworks",
				);
				INFOPLIST_FILE = Shutter/SupportingFiles/Info.plist;
				IPHONEOS_DEPLOYMENT_TARGET = 8.0;
				LD_RUNPATH_SEARCH_PATHS = "$(inherited) @executable_path/Frameworks";
				OTHER_SWIFT_FLAGS = "-DDEBUG";
				PRODUCT_BUNDLE_IDENTIFIER = jp.co.koganepj.Shutter;
				PRODUCT_NAME = "$(TARGET_NAME)";
			};
			name = Debug;
		};
		41C8F42D1C1D1C2300DB9B7D /* Release */ = {
			isa = XCBuildConfiguration;
			buildSettings = {
				ASSETCATALOG_COMPILER_APPICON_NAME = AppIcon;
				CODE_SIGN_IDENTITY = "iPhone Distribution: kyouhei yamaguchi (6EC83W22VX)";
				FRAMEWORK_SEARCH_PATHS = (
					"$(inherited)",
					"$(PROJECT_DIR)/Carthage/Build/iOS",
					"$(PROJECT_DIR)/Frameworks",
				);
				INFOPLIST_FILE = Shutter/SupportingFiles/Info.plist;
				IPHONEOS_DEPLOYMENT_TARGET = 8.0;
				LD_RUNPATH_SEARCH_PATHS = "$(inherited) @executable_path/Frameworks";
				OTHER_SWIFT_FLAGS = "-DDEBUG";
				PRODUCT_BUNDLE_IDENTIFIER = jp.co.koganepj.Shutter;
				PRODUCT_NAME = "$(TARGET_NAME)";
			};
			name = Release;
		};
		41C8F42F1C1D1C2300DB9B7D /* Debug */ = {
			isa = XCBuildConfiguration;
			buildSettings = {
				BUNDLE_LOADER = "$(TEST_HOST)";
				INFOPLIST_FILE = ShutterTests/Info.plist;
				LD_RUNPATH_SEARCH_PATHS = "$(inherited) @executable_path/Frameworks @loader_path/Frameworks";
				PRODUCT_BUNDLE_IDENTIFIER = jp.co.koganepj.ShutterTests;
				PRODUCT_NAME = "$(TARGET_NAME)";
				TEST_HOST = "$(BUILT_PRODUCTS_DIR)/Shutter.app/Shutter";
			};
			name = Debug;
		};
		41C8F4301C1D1C2300DB9B7D /* Release */ = {
			isa = XCBuildConfiguration;
			buildSettings = {
				BUNDLE_LOADER = "$(TEST_HOST)";
				INFOPLIST_FILE = ShutterTests/Info.plist;
				LD_RUNPATH_SEARCH_PATHS = "$(inherited) @executable_path/Frameworks @loader_path/Frameworks";
				PRODUCT_BUNDLE_IDENTIFIER = jp.co.koganepj.ShutterTests;
				PRODUCT_NAME = "$(TARGET_NAME)";
				TEST_HOST = "$(BUILT_PRODUCTS_DIR)/Shutter.app/Shutter";
			};
			name = Release;
		};
/* End XCBuildConfiguration section */

/* Begin XCConfigurationList section */
		4161626F1C255C0F00FAEDCE /* Build configuration list for PBXNativeTarget "ShutterUITests" */ = {
			isa = XCConfigurationList;
			buildConfigurations = (
				416162701C255C0F00FAEDCE /* Debug */,
				416162711C255C0F00FAEDCE /* Release */,
			);
			defaultConfigurationIsVisible = 0;
			defaultConfigurationName = Release;
		};
		41C8F4091C1D1C2300DB9B7D /* Build configuration list for PBXProject "Shutter" */ = {
			isa = XCConfigurationList;
			buildConfigurations = (
				41C8F4291C1D1C2300DB9B7D /* Debug */,
				41C8F42A1C1D1C2300DB9B7D /* Release */,
			);
			defaultConfigurationIsVisible = 0;
			defaultConfigurationName = Release;
		};
		41C8F42B1C1D1C2300DB9B7D /* Build configuration list for PBXNativeTarget "Shutter" */ = {
			isa = XCConfigurationList;
			buildConfigurations = (
				41C8F42C1C1D1C2300DB9B7D /* Debug */,
				41C8F42D1C1D1C2300DB9B7D /* Release */,
			);
			defaultConfigurationIsVisible = 0;
			defaultConfigurationName = Release;
		};
		41C8F42E1C1D1C2300DB9B7D /* Build configuration list for PBXNativeTarget "ShutterTests" */ = {
			isa = XCConfigurationList;
			buildConfigurations = (
				41C8F42F1C1D1C2300DB9B7D /* Debug */,
				41C8F4301C1D1C2300DB9B7D /* Release */,
			);
			defaultConfigurationIsVisible = 0;
			defaultConfigurationName = Release;
		};
/* End XCConfigurationList section */
	};
	rootObject = 41C8F4061C1D1C2300DB9B7D /* Project object */;
}
